
Microsoft Visual Studio Solution File, Format Version 12.00
# Visual Studio Version 17
VisualStudioVersion = 17.3.32819.101
MinimumVisualStudioVersion = 10.0.40219.1
Project("{2150E333-8FDC-42A3-9474-1A3956D46DE8}") = "01_HelloWorld", "01_HelloWorld", "{6AF4B9F5-3129-4AFD-81D1-9EADB1B8098E}"
EndProject
Project("{8BC9CEB8-8B4A-11D0-8D11-00A0C91BC942}") = "HelloWorld", "HelloWorld\HelloWorld.vcxproj", "{A35FEEFC-88DA-4E36-A72C-E866BDCBC9DB}"
EndProject
Project("{2150E333-8FDC-42A3-9474-1A3956D46DE8}") = "02_Variables_Constants", "02_Variables_Constants", "{7EC9A2E4-2BA1-4F69-82DA-7872F4A931E8}"
EndProject
Project("{8BC9CEB8-8B4A-11D0-8D11-00A0C91BC942}") = "variables_constants", "variables_constants\variables_constants.vcxproj", "{C6C9C08C-8CBA-42D2-8920-8A6B5BFB313C}"
EndProject
Project("{2150E333-8FDC-42A3-9474-1A3956D46DE8}") = "03_data_type", "03_data_type", "{B9EF53D7-75C9-43BC-B2E7-56A6123670C0}"
EndProject
Project("{8BC9CEB8-8B4A-11D0-8D11-00A0C91BC942}") = "data_type", "data_type\data_type.vcxproj", "{4F81319E-5069-45D4-A149-3E5AC3E219AF}"
EndProject
Project("{2150E333-8FDC-42A3-9474-1A3956D46DE8}") = "04_Operator", "04_Operator", "{7566BB70-E02A-47CA-94B9-7061096FCFAC}"
EndProject
Project("{8BC9CEB8-8B4A-11D0-8D11-00A0C91BC942}") = "operator", "operator\operator.vcxproj", "{CFF6D206-F273-4C54-906D-DBED7A7D9EEA}"
EndProject
Project("{2150E333-8FDC-42A3-9474-1A3956D46DE8}") = "05_if_for_while", "05_if_for_while", "{38F44308-3A3F-4200-84C5-B51CF2F67859}"
EndProject
Project("{8BC9CEB8-8B4A-11D0-8D11-00A0C91BC942}") = "if_for_while", "if_for\if_for.vcxproj", "{380DFCF3-C9BC-4D29-81FF-A18AE67DEC7F}"
EndProject
Project("{2150E333-8FDC-42A3-9474-1A3956D46DE8}") = "06_input_output", "06_input_output", "{5C998071-0AB7-465F-A106-9033AE283E79}"
EndProject
Project("{8BC9CEB8-8B4A-11D0-8D11-00A0C91BC942}") = "input_output", "input_output\input_output.vcxproj", "{1684779D-96E1-4AFD-B59E-5583CD24C4B2}"
EndProject
Project("{2150E333-8FDC-42A3-9474-1A3956D46DE8}") = "07_function", "07_function", "{3C42768D-EFE4-40D9-A477-522B81A361EC}"
EndProject
Project("{8BC9CEB8-8B4A-11D0-8D11-00A0C91BC942}") = "function", "function\function.vcxproj", "{231A09C8-D238-4303-A104-E88CE583525F}"
EndProject
Project("{2150E333-8FDC-42A3-9474-1A3956D46DE8}") = "08_function_2", "08_function_2", "{794004DA-CE16-48E8-B805-75E8FDE6CB08}"
EndProject
Project("{8BC9CEB8-8B4A-11D0-8D11-00A0C91BC942}") = "function_2", "function_2\function_2.vcxproj", "{84CDE007-A69F-48BD-A43C-B46E72665BB7}"
EndProject
Project("{2150E333-8FDC-42A3-9474-1A3956D46DE8}") = "09_array", "09_array", "{BD3D1657-3782-4543-83E4-B443AC0A213F}"
EndProject
Project("{8BC9CEB8-8B4A-11D0-8D11-00A0C91BC942}") = "array", "array\array.vcxproj", "{184A8987-42EA-409E-9BFC-12E99A3DDBB7}"
EndProject
Project("{2150E333-8FDC-42A3-9474-1A3956D46DE8}") = "10_array_2", "10_array_2", "{16A1E172-0AF9-4FDC-929F-0EA0309489E1}"
EndProject
Project("{8BC9CEB8-8B4A-11D0-8D11-00A0C91BC942}") = "array_2", "array_2\array_2.vcxproj", "{5293FC0E-F126-42EB-B6B6-CD3EA2CC561A}"
EndProject
Project("{2150E333-8FDC-42A3-9474-1A3956D46DE8}") = "practice", "practice", "{041DCC30-1281-4190-A63D-EA3F54F58742}"
EndProject
Project("{8BC9CEB8-8B4A-11D0-8D11-00A0C91BC942}") = "practice", "practice\practice.vcxproj", "{B866B745-A197-4322-993B-1EF80225204C}"
EndProject
Project("{2150E333-8FDC-42A3-9474-1A3956D46DE8}") = "11_pointer", "11_pointer", "{1770290E-A8C3-43B5-BDE1-C997C4198325}"
EndProject
Project("{8BC9CEB8-8B4A-11D0-8D11-00A0C91BC942}") = "pointer", "pointer\pointer.vcxproj", "{42CA5F27-C281-4A31-B18D-29F2CB368D6A}"
EndProject
Project("{2150E333-8FDC-42A3-9474-1A3956D46DE8}") = "12_string", "12_string", "{EC36D3AC-96D9-4118-95A4-4185C2B6C873}"
EndProject
Project("{8BC9CEB8-8B4A-11D0-8D11-00A0C91BC942}") = "string", "string\string.vcxproj", "{0C99D0D6-E405-4F09-96D3-15CC3EE1303D}"
EndProject
Global
	GlobalSection(SolutionConfigurationPlatforms) = preSolution
		Debug|x64 = Debug|x64
		Debug|x86 = Debug|x86
		Release|x64 = Release|x64
		Release|x86 = Release|x86
	EndGlobalSection
	GlobalSection(ProjectConfigurationPlatforms) = postSolution
		{A35FEEFC-88DA-4E36-A72C-E866BDCBC9DB}.Debug|x64.ActiveCfg = Debug|x64
		{A35FEEFC-88DA-4E36-A72C-E866BDCBC9DB}.Debug|x64.Build.0 = Debug|x64
		{A35FEEFC-88DA-4E36-A72C-E866BDCBC9DB}.Debug|x86.ActiveCfg = Debug|Win32
		{A35FEEFC-88DA-4E36-A72C-E866BDCBC9DB}.Debug|x86.Build.0 = Debug|Win32
		{A35FEEFC-88DA-4E36-A72C-E866BDCBC9DB}.Release|x64.ActiveCfg = Release|x64
		{A35FEEFC-88DA-4E36-A72C-E866BDCBC9DB}.Release|x64.Build.0 = Release|x64
		{A35FEEFC-88DA-4E36-A72C-E866BDCBC9DB}.Release|x86.ActiveCfg = Release|Win32
		{A35FEEFC-88DA-4E36-A72C-E866BDCBC9DB}.Release|x86.Build.0 = Release|Win32
		{C6C9C08C-8CBA-42D2-8920-8A6B5BFB313C}.Debug|x64.ActiveCfg = Debug|x64
		{C6C9C08C-8CBA-42D2-8920-8A6B5BFB313C}.Debug|x64.Build.0 = Debug|x64
		{C6C9C08C-8CBA-42D2-8920-8A6B5BFB313C}.Debug|x86.ActiveCfg = Debug|Win32
		{C6C9C08C-8CBA-42D2-8920-8A6B5BFB313C}.Debug|x86.Build.0 = Debug|Win32
		{C6C9C08C-8CBA-42D2-8920-8A6B5BFB313C}.Release|x64.ActiveCfg = Release|x64
		{C6C9C08C-8CBA-42D2-8920-8A6B5BFB313C}.Release|x64.Build.0 = Release|x64
		{C6C9C08C-8CBA-42D2-8920-8A6B5BFB313C}.Release|x86.ActiveCfg = Release|Win32
		{C6C9C08C-8CBA-42D2-8920-8A6B5BFB313C}.Release|x86.Build.0 = Release|Win32
		{4F81319E-5069-45D4-A149-3E5AC3E219AF}.Debug|x64.ActiveCfg = Debug|x64
		{4F81319E-5069-45D4-A149-3E5AC3E219AF}.Debug|x64.Build.0 = Debug|x64
		{4F81319E-5069-45D4-A149-3E5AC3E219AF}.Debug|x86.ActiveCfg = Debug|Win32
		{4F81319E-5069-45D4-A149-3E5AC3E219AF}.Debug|x86.Build.0 = Debug|Win32
		{4F81319E-5069-45D4-A149-3E5AC3E219AF}.Release|x64.ActiveCfg = Release|x64
		{4F81319E-5069-45D4-A149-3E5AC3E219AF}.Release|x64.Build.0 = Release|x64
		{4F81319E-5069-45D4-A149-3E5AC3E219AF}.Release|x86.ActiveCfg = Release|Win32
		{4F81319E-5069-45D4-A149-3E5AC3E219AF}.Release|x86.Build.0 = Release|Win32
		{CFF6D206-F273-4C54-906D-DBED7A7D9EEA}.Debug|x64.ActiveCfg = Debug|x64
		{CFF6D206-F273-4C54-906D-DBED7A7D9EEA}.Debug|x64.Build.0 = Debug|x64
		{CFF6D206-F273-4C54-906D-DBED7A7D9EEA}.Debug|x86.ActiveCfg = Debug|Win32
		{CFF6D206-F273-4C54-906D-DBED7A7D9EEA}.Debug|x86.Build.0 = Debug|Win32
		{CFF6D206-F273-4C54-906D-DBED7A7D9EEA}.Release|x64.ActiveCfg = Release|x64
		{CFF6D206-F273-4C54-906D-DBED7A7D9EEA}.Release|x64.Build.0 = Release|x64
		{CFF6D206-F273-4C54-906D-DBED7A7D9EEA}.Release|x86.ActiveCfg = Release|Win32
		{CFF6D206-F273-4C54-906D-DBED7A7D9EEA}.Release|x86.Build.0 = Release|Win32
		{380DFCF3-C9BC-4D29-81FF-A18AE67DEC7F}.Debug|x64.ActiveCfg = Debug|x64
		{380DFCF3-C9BC-4D29-81FF-A18AE67DEC7F}.Debug|x64.Build.0 = Debug|x64
		{380DFCF3-C9BC-4D29-81FF-A18AE67DEC7F}.Debug|x86.ActiveCfg = Debug|Win32
		{380DFCF3-C9BC-4D29-81FF-A18AE67DEC7F}.Debug|x86.Build.0 = Debug|Win32
		{380DFCF3-C9BC-4D29-81FF-A18AE67DEC7F}.Release|x64.ActiveCfg = Release|x64
		{380DFCF3-C9BC-4D29-81FF-A18AE67DEC7F}.Release|x64.Build.0 = Release|x64
		{380DFCF3-C9BC-4D29-81FF-A18AE67DEC7F}.Release|x86.ActiveCfg = Release|Win32
		{380DFCF3-C9BC-4D29-81FF-A18AE67DEC7F}.Release|x86.Build.0 = Release|Win32
		{1684779D-96E1-4AFD-B59E-5583CD24C4B2}.Debug|x64.ActiveCfg = Debug|x64
		{1684779D-96E1-4AFD-B59E-5583CD24C4B2}.Debug|x64.Build.0 = Debug|x64
		{1684779D-96E1-4AFD-B59E-5583CD24C4B2}.Debug|x86.ActiveCfg = Debug|Win32
		{1684779D-96E1-4AFD-B59E-5583CD24C4B2}.Debug|x86.Build.0 = Debug|Win32
		{1684779D-96E1-4AFD-B59E-5583CD24C4B2}.Release|x64.ActiveCfg = Release|x64
		{1684779D-96E1-4AFD-B59E-5583CD24C4B2}.Release|x64.Build.0 = Release|x64
		{1684779D-96E1-4AFD-B59E-5583CD24C4B2}.Release|x86.ActiveCfg = Release|Win32
		{1684779D-96E1-4AFD-B59E-5583CD24C4B2}.Release|x86.Build.0 = Release|Win32
		{231A09C8-D238-4303-A104-E88CE583525F}.Debug|x64.ActiveCfg = Debug|x64
		{231A09C8-D238-4303-A104-E88CE583525F}.Debug|x64.Build.0 = Debug|x64
		{231A09C8-D238-4303-A104-E88CE583525F}.Debug|x86.ActiveCfg = Debug|Win32
		{231A09C8-D238-4303-A104-E88CE583525F}.Debug|x86.Build.0 = Debug|Win32
		{231A09C8-D238-4303-A104-E88CE583525F}.Release|x64.ActiveCfg = Release|x64
		{231A09C8-D238-4303-A104-E88CE583525F}.Release|x64.Build.0 = Release|x64
		{231A09C8-D238-4303-A104-E88CE583525F}.Release|x86.ActiveCfg = Release|Win32
		{231A09C8-D238-4303-A104-E88CE583525F}.Release|x86.Build.0 = Release|Win32
		{84CDE007-A69F-48BD-A43C-B46E72665BB7}.Debug|x64.ActiveCfg = Debug|x64
		{84CDE007-A69F-48BD-A43C-B46E72665BB7}.Debug|x64.Build.0 = Debug|x64
		{84CDE007-A69F-48BD-A43C-B46E72665BB7}.Debug|x86.ActiveCfg = Debug|Win32
		{84CDE007-A69F-48BD-A43C-B46E72665BB7}.Debug|x86.Build.0 = Debug|Win32
		{84CDE007-A69F-48BD-A43C-B46E72665BB7}.Release|x64.ActiveCfg = Release|x64
		{84CDE007-A69F-48BD-A43C-B46E72665BB7}.Release|x64.Build.0 = Release|x64
		{84CDE007-A69F-48BD-A43C-B46E72665BB7}.Release|x86.ActiveCfg = Release|Win32
		{84CDE007-A69F-48BD-A43C-B46E72665BB7}.Release|x86.Build.0 = Release|Win32
		{184A8987-42EA-409E-9BFC-12E99A3DDBB7}.Debug|x64.ActiveCfg = Debug|x64
		{184A8987-42EA-409E-9BFC-12E99A3DDBB7}.Debug|x64.Build.0 = Debug|x64
		{184A8987-42EA-409E-9BFC-12E99A3DDBB7}.Debug|x86.ActiveCfg = Debug|Win32
		{184A8987-42EA-409E-9BFC-12E99A3DDBB7}.Debug|x86.Build.0 = Debug|Win32
		{184A8987-42EA-409E-9BFC-12E99A3DDBB7}.Release|x64.ActiveCfg = Release|x64
		{184A8987-42EA-409E-9BFC-12E99A3DDBB7}.Release|x64.Build.0 = Release|x64
		{184A8987-42EA-409E-9BFC-12E99A3DDBB7}.Release|x86.ActiveCfg = Release|Win32
		{184A8987-42EA-409E-9BFC-12E99A3DDBB7}.Release|x86.Build.0 = Release|Win32
		{5293FC0E-F126-42EB-B6B6-CD3EA2CC561A}.Debug|x64.ActiveCfg = Debug|x64
		{5293FC0E-F126-42EB-B6B6-CD3EA2CC561A}.Debug|x64.Build.0 = Debug|x64
		{5293FC0E-F126-42EB-B6B6-CD3EA2CC561A}.Debug|x86.ActiveCfg = Debug|Win32
		{5293FC0E-F126-42EB-B6B6-CD3EA2CC561A}.Debug|x86.Build.0 = Debug|Win32
		{5293FC0E-F126-42EB-B6B6-CD3EA2CC561A}.Release|x64.ActiveCfg = Release|x64
		{5293FC0E-F126-42EB-B6B6-CD3EA2CC561A}.Release|x64.Build.0 = Release|x64
		{5293FC0E-F126-42EB-B6B6-CD3EA2CC561A}.Release|x86.ActiveCfg = Release|Win32
		{5293FC0E-F126-42EB-B6B6-CD3EA2CC561A}.Release|x86.Build.0 = Release|Win32
		{B866B745-A197-4322-993B-1EF80225204C}.Debug|x64.ActiveCfg = Debug|x64
		{B866B745-A197-4322-993B-1EF80225204C}.Debug|x64.Build.0 = Debug|x64
		{B866B745-A197-4322-993B-1EF80225204C}.Debug|x86.ActiveCfg = Debug|Win32
		{B866B745-A197-4322-993B-1EF80225204C}.Debug|x86.Build.0 = Debug|Win32
		{B866B745-A197-4322-993B-1EF80225204C}.Release|x64.ActiveCfg = Release|x64
		{B866B745-A197-4322-993B-1EF80225204C}.Release|x64.Build.0 = Release|x64
		{B866B745-A197-4322-993B-1EF80225204C}.Release|x86.ActiveCfg = Release|Win32
		{B866B745-A197-4322-993B-1EF80225204C}.Release|x86.Build.0 = Release|Win32
		{42CA5F27-C281-4A31-B18D-29F2CB368D6A}.Debug|x64.ActiveCfg = Debug|x64
		{42CA5F27-C281-4A31-B18D-29F2CB368D6A}.Debug|x64.Build.0 = Debug|x64
		{42CA5F27-C281-4A31-B18D-29F2CB368D6A}.Debug|x86.ActiveCfg = Debug|Win32
		{42CA5F27-C281-4A31-B18D-29F2CB368D6A}.Debug|x86.Build.0 = Debug|Win32
		{42CA5F27-C281-4A31-B18D-29F2CB368D6A}.Release|x64.ActiveCfg = Release|x64
		{42CA5F27-C281-4A31-B18D-29F2CB368D6A}.Release|x64.Build.0 = Release|x64
		{42CA5F27-C281-4A31-B18D-29F2CB368D6A}.Release|x86.ActiveCfg = Release|Win32
		{42CA5F27-C281-4A31-B18D-29F2CB368D6A}.Release|x86.Build.0 = Release|Win32
		{0C99D0D6-E405-4F09-96D3-15CC3EE1303D}.Debug|x64.ActiveCfg = Debug|x64
		{0C99D0D6-E405-4F09-96D3-15CC3EE1303D}.Debug|x64.Build.0 = Debug|x64
		{0C99D0D6-E405-4F09-96D3-15CC3EE1303D}.Debug|x86.ActiveCfg = Debug|Win32
		{0C99D0D6-E405-4F09-96D3-15CC3EE1303D}.Debug|x86.Build.0 = Debug|Win32
		{0C99D0D6-E405-4F09-96D3-15CC3EE1303D}.Release|x64.ActiveCfg = Release|x64
		{0C99D0D6-E405-4F09-96D3-15CC3EE1303D}.Release|x64.Build.0 = Release|x64
		{0C99D0D6-E405-4F09-96D3-15CC3EE1303D}.Release|x86.ActiveCfg = Release|Win32
		{0C99D0D6-E405-4F09-96D3-15CC3EE1303D}.Release|x86.Build.0 = Release|Win32
	EndGlobalSection
	GlobalSection(SolutionProperties) = preSolution
		HideSolutionNode = FALSE
	EndGlobalSection
	GlobalSection(NestedProjects) = preSolution
		{A35FEEFC-88DA-4E36-A72C-E866BDCBC9DB} = {6AF4B9F5-3129-4AFD-81D1-9EADB1B8098E}
		{C6C9C08C-8CBA-42D2-8920-8A6B5BFB313C} = {7EC9A2E4-2BA1-4F69-82DA-7872F4A931E8}
		{4F81319E-5069-45D4-A149-3E5AC3E219AF} = {B9EF53D7-75C9-43BC-B2E7-56A6123670C0}
		{CFF6D206-F273-4C54-906D-DBED7A7D9EEA} = {7566BB70-E02A-47CA-94B9-7061096FCFAC}
		{380DFCF3-C9BC-4D29-81FF-A18AE67DEC7F} = {38F44308-3A3F-4200-84C5-B51CF2F67859}
		{1684779D-96E1-4AFD-B59E-5583CD24C4B2} = {5C998071-0AB7-465F-A106-9033AE283E79}
		{231A09C8-D238-4303-A104-E88CE583525F} = {3C42768D-EFE4-40D9-A477-522B81A361EC}
		{84CDE007-A69F-48BD-A43C-B46E72665BB7} = {794004DA-CE16-48E8-B805-75E8FDE6CB08}
		{184A8987-42EA-409E-9BFC-12E99A3DDBB7} = {BD3D1657-3782-4543-83E4-B443AC0A213F}
		{5293FC0E-F126-42EB-B6B6-CD3EA2CC561A} = {16A1E172-0AF9-4FDC-929F-0EA0309489E1}
		{B866B745-A197-4322-993B-1EF80225204C} = {041DCC30-1281-4190-A63D-EA3F54F58742}
		{42CA5F27-C281-4A31-B18D-29F2CB368D6A} = {1770290E-A8C3-43B5-BDE1-C997C4198325}
		{0C99D0D6-E405-4F09-96D3-15CC3EE1303D} = {EC36D3AC-96D9-4118-95A4-4185C2B6C873}
	EndGlobalSection
	GlobalSection(ExtensibilityGlobals) = postSolution
		SolutionGuid = {DA274202-CA98-4182-9024-0A884C442B07}
	EndGlobalSection
EndGlobal
